
Microsoft Visual Studio Solution File, Format Version 12.00
# Visual Studio Version 16
VisualStudioVersion = 16.0.33423.256
MinimumVisualStudioVersion = 10.0.40219.1
Project("{FAE04EC0-301F-11D3-BF4B-00C04F79EFBC}") = "MagicStoreAdmin", "MagicStoreAdmin\MagicStoreAdmin.csproj", "{10BB1F6B-C30B-400F-BE73-2F22596777BA}"
EndProject
Global
	GlobalSection(SolutionConfigurationPlatforms) = preSolution
		Debug|Any CPU = Debug|Any CPU
		Release|Any CPU = Release|Any CPU
	EndGlobalSection
	GlobalSection(ProjectConfigurationPlatforms) = postSolution
		{10BB1F6B-C30B-400F-BE73-2F22596777BA}.Debug|Any CPU.ActiveCfg = Debug|Any CPU
		{10BB1F6B-C30B-400F-BE73-2F22596777BA}.Debug|Any CPU.Build.0 = Debug|Any CPU
		{10BB1F6B-C30B-400F-BE73-2F22596777BA}.Release|Any CPU.ActiveCfg = Release|Any CPU
		{10BB1F6B-C30B-400F-BE73-2F22596777BA}.Release|Any CPU.Build.0 = Release|Any CPU
	EndGlobalSection
	GlobalSection(SolutionProperties) = preSolution
		HideSolutionNode = FALSE
	EndGlobalSection
	GlobalSection(ExtensibilityGlobals) = postSolution
		SolutionGuid = {B01C31E8-D3B1-4830-9B4B-D12D868BAE21}
	EndGlobalSection
EndGlobal
